
Microsoft Visual Studio Solution File, Format Version 12.00
Project("{FAE04EC0-301F-11D3-BF4B-00C04F79EFBC}") = "BookKeeperActivator", "BookKeeperActivator\BookKeeperActivator.csproj", "{6E888502-0D26-4F52-8234-AF03C575C77C}"
EndProject
Global
	GlobalSection(SolutionConfigurationPlatforms) = preSolution
		Debug|Any CPU = Debug|Any CPU
		Release|Any CPU = Release|Any CPU
	EndGlobalSection
	GlobalSection(ProjectConfigurationPlatforms) = postSolution
		{6E888502-0D26-4F52-8234-AF03C575C77C}.Debug|Any CPU.ActiveCfg = Debug|Any CPU
		{6E888502-0D26-4F52-8234-AF03C575C77C}.Debug|Any CPU.Build.0 = Debug|Any CPU
		{6E888502-0D26-4F52-8234-AF03C575C77C}.Release|Any CPU.ActiveCfg = Release|Any CPU
		{6E888502-0D26-4F52-8234-AF03C575C77C}.Release|Any CPU.Build.0 = Release|Any CPU
	EndGlobalSection
EndGlobal
